// !$*UTF8*$!
{
	archiveVersion = 1;
	classes = {
	};
	objectVersion = 56;
	objects = {

/* Begin PBXBuildFile section */
		CFA4AE2A28FAF29800B52A05 /* AppDelegate.swift in Sources */ = {isa = PBXBuildFile; fileRef = CFA4AE2928FAF29800B52A05 /* AppDelegate.swift */; };
		CFA4AE2C28FAF29800B52A05 /* SceneDelegate.swift in Sources */ = {isa = PBXBuildFile; fileRef = CFA4AE2B28FAF29800B52A05 /* SceneDelegate.swift */; };
		CFA4AE2E28FAF29800B52A05 /* RecentPhotosTableViewController.swift in Sources */ = {isa = PBXBuildFile; fileRef = CFA4AE2D28FAF29800B52A05 /* RecentPhotosTableViewController.swift */; };
		CFA4AE3128FAF29800B52A05 /* Main.storyboard in Resources */ = {isa = PBXBuildFile; fileRef = CFA4AE2F28FAF29800B52A05 /* Main.storyboard */; };
		CFA4AE3328FAF29900B52A05 /* Assets.xcassets in Resources */ = {isa = PBXBuildFile; fileRef = CFA4AE3228FAF29900B52A05 /* Assets.xcassets */; };
		CFA4AE3628FAF29900B52A05 /* LaunchScreen.storyboard in Resources */ = {isa = PBXBuildFile; fileRef = CFA4AE3428FAF29900B52A05 /* LaunchScreen.storyboard */; };
		CFA4AE4228FAFE4F00B52A05 /* PhotoTableViewCell.swift in Sources */ = {isa = PBXBuildFile; fileRef = CFA4AE4128FAFE4F00B52A05 /* PhotoTableViewCell.swift */; };
		CFA4AE4528FB02B600B52A05 /* PhotoDetailViewController.swift in Sources */ = {isa = PBXBuildFile; fileRef = CFA4AE4428FB02B600B52A05 /* PhotoDetailViewController.swift */; };
		CFA4AE4B28FB03A500B52A05 /* PhotoDetail.storyboard in Resources */ = {isa = PBXBuildFile; fileRef = CFA4AE4A28FB03A500B52A05 /* PhotoDetail.storyboard */; };
		CFA4AE4E28FB4E6A00B52A05 /* PhotosResponse.swift in Sources */ = {isa = PBXBuildFile; fileRef = CFA4AE4D28FB4E6A00B52A05 /* PhotosResponse.swift */; };
		CFA4AE5028FB4EAF00B52A05 /* Photos.swift in Sources */ = {isa = PBXBuildFile; fileRef = CFA4AE4F28FB4EAF00B52A05 /* Photos.swift */; };
		CFA4AE5228FB515500B52A05 /* Photo.swift in Sources */ = {isa = PBXBuildFile; fileRef = CFA4AE5128FB515500B52A05 /* Photo.swift */; };
/* End PBXBuildFile section */

/* Begin PBXFileReference section */
		CFA4AE2628FAF29800B52A05 /* Flicker Client App.app */ = {isa = PBXFileReference; explicitFileType = wrapper.application; includeInIndex = 0; path = "Flicker Client App.app"; sourceTree = BUILT_PRODUCTS_DIR; };
		CFA4AE2928FAF29800B52A05 /* AppDelegate.swift */ = {isa = PBXFileReference; lastKnownFileType = sourcecode.swift; path = AppDelegate.swift; sourceTree = "<group>"; };
		CFA4AE2B28FAF29800B52A05 /* SceneDelegate.swift */ = {isa = PBXFileReference; lastKnownFileType = sourcecode.swift; path = SceneDelegate.swift; sourceTree = "<group>"; };
		CFA4AE2D28FAF29800B52A05 /* RecentPhotosTableViewController.swift */ = {isa = PBXFileReference; lastKnownFileType = sourcecode.swift; path = RecentPhotosTableViewController.swift; sourceTree = "<group>"; };
		CFA4AE3028FAF29800B52A05 /* Base */ = {isa = PBXFileReference; lastKnownFileType = file.storyboard; name = Base; path = Base.lproj/Main.storyboard; sourceTree = "<group>"; };
		CFA4AE3228FAF29900B52A05 /* Assets.xcassets */ = {isa = PBXFileReference; lastKnownFileType = folder.assetcatalog; path = Assets.xcassets; sourceTree = "<group>"; };
		CFA4AE3528FAF29900B52A05 /* Base */ = {isa = PBXFileReference; lastKnownFileType = file.storyboard; name = Base; path = Base.lproj/LaunchScreen.storyboard; sourceTree = "<group>"; };
		CFA4AE3728FAF29900B52A05 /* Info.plist */ = {isa = PBXFileReference; lastKnownFileType = text.plist.xml; path = Info.plist; sourceTree = "<group>"; };
		CFA4AE4128FAFE4F00B52A05 /* PhotoTableViewCell.swift */ = {isa = PBXFileReference; lastKnownFileType = sourcecode.swift; path = PhotoTableViewCell.swift; sourceTree = "<group>"; };
		CFA4AE4428FB02B600B52A05 /* PhotoDetailViewController.swift */ = {isa = PBXFileReference; lastKnownFileType = sourcecode.swift; path = PhotoDetailViewController.swift; sourceTree = "<group>"; };
		CFA4AE4A28FB03A500B52A05 /* PhotoDetail.storyboard */ = {isa = PBXFileReference; lastKnownFileType = file.storyboard; path = PhotoDetail.storyboard; sourceTree = "<group>"; };
		CFA4AE4D28FB4E6A00B52A05 /* PhotosResponse.swift */ = {isa = PBXFileReference; lastKnownFileType = sourcecode.swift; path = PhotosResponse.swift; sourceTree = "<group>"; };
		CFA4AE4F28FB4EAF00B52A05 /* Photos.swift */ = {isa = PBXFileReference; lastKnownFileType = sourcecode.swift; path = Photos.swift; sourceTree = "<group>"; };
		CFA4AE5128FB515500B52A05 /* Photo.swift */ = {isa = PBXFileReference; lastKnownFileType = sourcecode.swift; path = Photo.swift; sourceTree = "<group>"; };
/* End PBXFileReference section */

/* Begin PBXFrameworksBuildPhase section */
		CFA4AE2328FAF29800B52A05 /* Frameworks */ = {
			isa = PBXFrameworksBuildPhase;
			buildActionMask = 2147483647;
			files = (
			);
			runOnlyForDeploymentPostprocessing = 0;
		};
/* End PBXFrameworksBuildPhase section */

/* Begin PBXGroup section */
		CFA4AE1D28FAF29800B52A05 = {
			isa = PBXGroup;
			children = (
				CFA4AE2828FAF29800B52A05 /* Flicker Client App */,
				CFA4AE2728FAF29800B52A05 /* Products */,
			);
			sourceTree = "<group>";
		};
		CFA4AE2728FAF29800B52A05 /* Products */ = {
			isa = PBXGroup;
			children = (
				CFA4AE2628FAF29800B52A05 /* Flicker Client App.app */,
			);
			name = Products;
			sourceTree = "<group>";
		};
		CFA4AE2828FAF29800B52A05 /* Flicker Client App */ = {
			isa = PBXGroup;
			children = (
				CFA4AE3D28FAF66D00B52A05 /* App */,
				CFA4AE3E28FAF67600B52A05 /* Screens */,
				CFA4AE3F28FAF68000B52A05 /* Supporting Files */,
			);
			path = "Flicker Client App";
			sourceTree = "<group>";
		};
		CFA4AE3D28FAF66D00B52A05 /* App */ = {
			isa = PBXGroup;
			children = (
				CFA4AE2928FAF29800B52A05 /* AppDelegate.swift */,
				CFA4AE2B28FAF29800B52A05 /* SceneDelegate.swift */,
			);
			path = App;
			sourceTree = "<group>";
		};
		CFA4AE3E28FAF67600B52A05 /* Screens */ = {
			isa = PBXGroup;
			children = (
				CFA4AE4328FB026300B52A05 /* PhotoDetail */,
				CFA4AE4028FAF6DC00B52A05 /* RecentPhotos */,
			);
			path = Screens;
			sourceTree = "<group>";
		};
		CFA4AE3F28FAF68000B52A05 /* Supporting Files */ = {
			isa = PBXGroup;
			children = (
				CFA4AE3228FAF29900B52A05 /* Assets.xcassets */,
				CFA4AE3428FAF29900B52A05 /* LaunchScreen.storyboard */,
				CFA4AE3728FAF29900B52A05 /* Info.plist */,
			);
			path = "Supporting Files";
			sourceTree = "<group>";
		};
		CFA4AE4028FAF6DC00B52A05 /* RecentPhotos */ = {
			isa = PBXGroup;
			children = (
				CFA4AE4C28FB4E4600B52A05 /* Model */,
				CFA4AE4728FB02EC00B52A05 /* View */,
				CFA4AE4628FB02DB00B52A05 /* Controller */,
			);
			path = RecentPhotos;
			sourceTree = "<group>";
		};
		CFA4AE4328FB026300B52A05 /* PhotoDetail */ = {
			isa = PBXGroup;
			children = (
				CFA4AE4928FB035000B52A05 /* View */,
				CFA4AE4828FB033600B52A05 /* Controller */,
			);
			path = PhotoDetail;
			sourceTree = "<group>";
		};
		CFA4AE4628FB02DB00B52A05 /* Controller */ = {
			isa = PBXGroup;
			children = (
				CFA4AE2D28FAF29800B52A05 /* RecentPhotosTableViewController.swift */,
			);
			path = Controller;
			sourceTree = "<group>";
		};
		CFA4AE4728FB02EC00B52A05 /* View */ = {
			isa = PBXGroup;
			children = (
				CFA4AE4128FAFE4F00B52A05 /* PhotoTableViewCell.swift */,
				CFA4AE2F28FAF29800B52A05 /* Main.storyboard */,
			);
			path = View;
			sourceTree = "<group>";
		};
		CFA4AE4828FB033600B52A05 /* Controller */ = {
			isa = PBXGroup;
			children = (
				CFA4AE4428FB02B600B52A05 /* PhotoDetailViewController.swift */,
			);
			path = Controller;
			sourceTree = "<group>";
		};
		CFA4AE4928FB035000B52A05 /* View */ = {
			isa = PBXGroup;
			children = (
				CFA4AE4A28FB03A500B52A05 /* PhotoDetail.storyboard */,
			);
			path = View;
			sourceTree = "<group>";
		};
		CFA4AE4C28FB4E4600B52A05 /* Model */ = {
			isa = PBXGroup;
			children = (
				CFA4AE4D28FB4E6A00B52A05 /* PhotosResponse.swift */,
				CFA4AE4F28FB4EAF00B52A05 /* Photos.swift */,
				CFA4AE5128FB515500B52A05 /* Photo.swift */,
			);
			path = Model;
			sourceTree = "<group>";
		};
/* End PBXGroup section */

/* Begin PBXNativeTarget section */
		CFA4AE2528FAF29800B52A05 /* Flicker Client App */ = {
			isa = PBXNativeTarget;
			buildConfigurationList = CFA4AE3A28FAF29900B52A05 /* Build configuration list for PBXNativeTarget "Flicker Client App" */;
			buildPhases = (
				CFA4AE2228FAF29800B52A05 /* Sources */,
				CFA4AE2328FAF29800B52A05 /* Frameworks */,
				CFA4AE2428FAF29800B52A05 /* Resources */,
			);
			buildRules = (
			);
			dependencies = (
			);
			name = "Flicker Client App";
			productName = "Flicker Client App";
			productReference = CFA4AE2628FAF29800B52A05 /* Flicker Client App.app */;
			productType = "com.apple.product-type.application";
		};
/* End PBXNativeTarget section */

/* Begin PBXProject section */
		CFA4AE1E28FAF29800B52A05 /* Project object */ = {
			isa = PBXProject;
			attributes = {
				BuildIndependentTargetsInParallel = 1;
				LastSwiftUpdateCheck = 1400;
				LastUpgradeCheck = 1400;
				TargetAttributes = {
					CFA4AE2528FAF29800B52A05 = {
						CreatedOnToolsVersion = 14.0.1;
					};
				};
			};
			buildConfigurationList = CFA4AE2128FAF29800B52A05 /* Build configuration list for PBXProject "Flicker Client App" */;
			compatibilityVersion = "Xcode 14.0";
			developmentRegion = en;
			hasScannedForEncodings = 0;
			knownRegions = (
				en,
				Base,
			);
			mainGroup = CFA4AE1D28FAF29800B52A05;
			productRefGroup = CFA4AE2728FAF29800B52A05 /* Products */;
			projectDirPath = "";
			projectRoot = "";
			targets = (
				CFA4AE2528FAF29800B52A05 /* Flicker Client App */,
			);
		};
/* End PBXProject section */

/* Begin PBXResourcesBuildPhase section */
		CFA4AE2428FAF29800B52A05 /* Resources */ = {
			isa = PBXResourcesBuildPhase;
			buildActionMask = 2147483647;
			files = (
				CFA4AE3628FAF29900B52A05 /* LaunchScreen.storyboard in Resources */,
				CFA4AE3328FAF29900B52A05 /* Assets.xcassets in Resources */,
				CFA4AE4B28FB03A500B52A05 /* PhotoDetail.storyboard in Resources */,
				CFA4AE3128FAF29800B52A05 /* Main.storyboard in Resources */,
			);
			runOnlyForDeploymentPostprocessing = 0;
		};
/* End PBXResourcesBuildPhase section */

/* Begin PBXSourcesBuildPhase section */
		CFA4AE2228FAF29800B52A05 /* Sources */ = {
			isa = PBXSourcesBuildPhase;
			buildActionMask = 2147483647;
			files = (
				CFA4AE5228FB515500B52A05 /* Photo.swift in Sources */,
				CFA4AE4228FAFE4F00B52A05 /* PhotoTableViewCell.swift in Sources */,
				CFA4AE2E28FAF29800B52A05 /* RecentPhotosTableViewController.swift in Sources */,
				CFA4AE2A28FAF29800B52A05 /* AppDelegate.swift in Sources */,
				CFA4AE4E28FB4E6A00B52A05 /* PhotosResponse.swift in Sources */,
				CFA4AE4528FB02B600B52A05 /* PhotoDetailViewController.swift in Sources */,
				CFA4AE2C28FAF29800B52A05 /* SceneDelegate.swift in Sources */,
				CFA4AE5028FB4EAF00B52A05 /* Photos.swift in Sources */,
			);
			runOnlyForDeploymentPostprocessing = 0;
		};
/* End PBXSourcesBuildPhase section */

/* Begin PBXVariantGroup section */
		CFA4AE2F28FAF29800B52A05 /* Main.storyboard */ = {
			isa = PBXVariantGroup;
			children = (
				CFA4AE3028FAF29800B52A05 /* Base */,
			);
			name = Main.storyboard;
			sourceTree = "<group>";
		};
		CFA4AE3428FAF29900B52A05 /* LaunchScreen.storyboard */ = {
			isa = PBXVariantGroup;
			children = (
				CFA4AE3528FAF29900B52A05 /* Base */,
			);
			name = LaunchScreen.storyboard;
			sourceTree = "<group>";
		};
/* End PBXVariantGroup section */

/* Begin XCBuildConfiguration section */
		CFA4AE3828FAF29900B52A05 /* Debug */ = {
			isa = XCBuildConfiguration;
			buildSettings = {
				ALWAYS_SEARCH_USER_PATHS = NO;
				CLANG_ANALYZER_NONNULL = YES;
				CLANG_ANALYZER_NUMBER_OBJECT_CONVERSION = YES_AGGRESSIVE;
				CLANG_CXX_LANGUAGE_STANDARD = "gnu++20";
				CLANG_ENABLE_MODULES = YES;
				CLANG_ENABLE_OBJC_ARC = YES;
				CLANG_ENABLE_OBJC_WEAK = YES;
				CLANG_WARN_BLOCK_CAPTURE_AUTORELEASING = YES;
				CLANG_WARN_BOOL_CONVERSION = YES;
				CLANG_WARN_COMMA = YES;
				CLANG_WARN_CONSTANT_CONVERSION = YES;
				CLANG_WARN_DEPRECATED_OBJC_IMPLEMENTATIONS = YES;
				CLANG_WARN_DIRECT_OBJC_ISA_USAGE = YES_ERROR;
				CLANG_WARN_DOCUMENTATION_COMMENTS = YES;
				CLANG_WARN_EMPTY_BODY = YES;
				CLANG_WARN_ENUM_CONVERSION = YES;
				CLANG_WARN_INFINITE_RECURSION = YES;
				CLANG_WARN_INT_CONVERSION = YES;
				CLANG_WARN_NON_LITERAL_NULL_CONVERSION = YES;
				CLANG_WARN_OBJC_IMPLICIT_RETAIN_SELF = YES;
				CLANG_WARN_OBJC_LITERAL_CONVERSION = YES;
				CLANG_WARN_OBJC_ROOT_CLASS = YES_ERROR;
				CLANG_WARN_QUOTED_INCLUDE_IN_FRAMEWORK_HEADER = YES;
				CLANG_WARN_RANGE_LOOP_ANALYSIS = YES;
				CLANG_WARN_STRICT_PROTOTYPES = YES;
				CLANG_WARN_SUSPICIOUS_MOVE = YES;
				CLANG_WARN_UNGUARDED_AVAILABILITY = YES_AGGRESSIVE;
				CLANG_WARN_UNREACHABLE_CODE = YES;
				CLANG_WARN__DUPLICATE_METHOD_MATCH = YES;
				COPY_PHASE_STRIP = NO;
				DEBUG_INFORMATION_FORMAT = dwarf;
				ENABLE_STRICT_OBJC_MSGSEND = YES;
				ENABLE_TESTABILITY = YES;
				GCC_C_LANGUAGE_STANDARD = gnu11;
				GCC_DYNAMIC_NO_PIC = NO;
				GCC_NO_COMMON_BLOCKS = YES;
				GCC_OPTIMIZATION_LEVEL = 0;
				GCC_PREPROCESSOR_DEFINITIONS = (
					"DEBUG=1",
					"$(inherited)",
				);
				GCC_WARN_64_TO_32_BIT_CONVERSION = YES;
				GCC_WARN_ABOUT_RETURN_TYPE = YES_ERROR;
				GCC_WARN_UNDECLARED_SELECTOR = YES;
				GCC_WARN_UNINITIALIZED_AUTOS = YES_AGGRESSIVE;
				GCC_WARN_UNUSED_FUNCTION = YES;
				GCC_WARN_UNUSED_VARIABLE = YES;
				IPHONEOS_DEPLOYMENT_TARGET = 16.0;
				MTL_ENABLE_DEBUG_INFO = INCLUDE_SOURCE;
				MTL_FAST_MATH = YES;
				ONLY_ACTIVE_ARCH = YES;
				SDKROOT = iphoneos;
				SWIFT_ACTIVE_COMPILATION_CONDITIONS = DEBUG;
				SWIFT_OPTIMIZATION_LEVEL = "-Onone";
			};
			name = Debug;
		};
		CFA4AE3928FAF29900B52A05 /* Release */ = {
			isa = XCBuildConfiguration;
			buildSettings = {
				ALWAYS_SEARCH_USER_PATHS = NO;
				CLANG_ANALYZER_NONNULL = YES;
				CLANG_ANALYZER_NUMBER_OBJECT_CONVERSION = YES_AGGRESSIVE;
				CLANG_CXX_LANGUAGE_STANDARD = "gnu++20";
				CLANG_ENABLE_MODULES = YES;
				CLANG_ENABLE_OBJC_ARC = YES;
				CLANG_ENABLE_OBJC_WEAK = YES;
				CLANG_WARN_BLOCK_CAPTURE_AUTORELEASING = YES;
				CLANG_WARN_BOOL_CONVERSION = YES;
				CLANG_WARN_COMMA = YES;
				CLANG_WARN_CONSTANT_CONVERSION = YES;
				CLANG_WARN_DEPRECATED_OBJC_IMPLEMENTATIONS = YES;
				CLANG_WARN_DIRECT_OBJC_ISA_USAGE = YES_ERROR;
				CLANG_WARN_DOCUMENTATION_COMMENTS = YES;
				CLANG_WARN_EMPTY_BODY = YES;
				CLANG_WARN_ENUM_CONVERSION = YES;
				CLANG_WARN_INFINITE_RECURSION = YES;
				CLANG_WARN_INT_CONVERSION = YES;
				CLANG_WARN_NON_LITERAL_NULL_CONVERSION = YES;
				CLANG_WARN_OBJC_IMPLICIT_RETAIN_SELF = YES;
				CLANG_WARN_OBJC_LITERAL_CONVERSION = YES;
				CLANG_WARN_OBJC_ROOT_CLASS = YES_ERROR;
				CLANG_WARN_QUOTED_INCLUDE_IN_FRAMEWORK_HEADER = YES;
				CLANG_WARN_RANGE_LOOP_ANALYSIS = YES;
				CLANG_WARN_STRICT_PROTOTYPES = YES;
				CLANG_WARN_SUSPICIOUS_MOVE = YES;
				CLANG_WARN_UNGUARDED_AVAILABILITY = YES_AGGRESSIVE;
				CLANG_WARN_UNREACHABLE_CODE = YES;
				CLANG_WARN__DUPLICATE_METHOD_MATCH = YES;
				COPY_PHASE_STRIP = NO;
				DEBUG_INFORMATION_FORMAT = "dwarf-with-dsym";
				ENABLE_NS_ASSERTIONS = NO;
				ENABLE_STRICT_OBJC_MSGSEND = YES;
				GCC_C_LANGUAGE_STANDARD = gnu11;
				GCC_NO_COMMON_BLOCKS = YES;
				GCC_WARN_64_TO_32_BIT_CONVERSION = YES;
				GCC_WARN_ABOUT_RETURN_TYPE = YES_ERROR;
				GCC_WARN_UNDECLARED_SELECTOR = YES;
				GCC_WARN_UNINITIALIZED_AUTOS = YES_AGGRESSIVE;
				GCC_WARN_UNUSED_FUNCTION = YES;
				GCC_WARN_UNUSED_VARIABLE = YES;
				IPHONEOS_DEPLOYMENT_TARGET = 16.0;
				MTL_ENABLE_DEBUG_INFO = NO;
				MTL_FAST_MATH = YES;
				SDKROOT = iphoneos;
				SWIFT_COMPILATION_MODE = wholemodule;
				SWIFT_OPTIMIZATION_LEVEL = "-O";
				VALIDATE_PRODUCT = YES;
			};
			name = Release;
		};
		CFA4AE3B28FAF29900B52A05 /* Debug */ = {
			isa = XCBuildConfiguration;
			buildSettings = {
				ASSETCATALOG_COMPILER_APPICON_NAME = AppIcon;
				ASSETCATALOG_COMPILER_GLOBAL_ACCENT_COLOR_NAME = AccentColor;
				CODE_SIGN_STYLE = Automatic;
				CURRENT_PROJECT_VERSION = 1;
				DEVELOPMENT_TEAM = 45L2NULPF5;
				GENERATE_INFOPLIST_FILE = YES;
				INFOPLIST_FILE = "Flicker Client App/Supporting Files/Info.plist";
				INFOPLIST_KEY_UIApplicationSupportsIndirectInputEvents = YES;
				INFOPLIST_KEY_UILaunchStoryboardName = LaunchScreen;
				INFOPLIST_KEY_UIMainStoryboardFile = Main;
				INFOPLIST_KEY_UISupportedInterfaceOrientations = UIInterfaceOrientationPortrait;
				INFOPLIST_KEY_UISupportedInterfaceOrientations_iPad = "UIInterfaceOrientationLandscapeLeft UIInterfaceOrientationLandscapeRight UIInterfaceOrientationPortrait UIInterfaceOrientationPortraitUpsideDown";
				IPHONEOS_DEPLOYMENT_TARGET = 13.5;
				LD_RUNPATH_SEARCH_PATHS = (
					"$(inherited)",
					"@executable_path/Frameworks",
				);
				MARKETING_VERSION = 1.0;
				PRODUCT_BUNDLE_IDENTIFIER = "SinanSelek.Flicker-Client-App";
				PRODUCT_NAME = "$(TARGET_NAME)";
				SWIFT_EMIT_LOC_STRINGS = YES;
				SWIFT_VERSION = 5.0;
				TARGETED_DEVICE_FAMILY = "1,2";
			};
			name = Debug;
		};
		CFA4AE3C28FAF29900B52A05 /* Release */ = {
			isa = XCBuildConfiguration;
			buildSettings = {
				ASSETCATALOG_COMPILER_APPICON_NAME = AppIcon;
				ASSETCATALOG_COMPILER_GLOBAL_ACCENT_COLOR_NAME = AccentColor;
				CODE_SIGN_STYLE = Automatic;
				CURRENT_PROJECT_VERSION = 1;
				DEVELOPMENT_TEAM = 45L2NULPF5;
				GENERATE_INFOPLIST_FILE = YES;
				INFOPLIST_FILE = "Flicker Client App/Supporting Files/Info.plist";
				INFOPLIST_KEY_UIApplicationSupportsIndirectInputEvents = YES;
				INFOPLIST_KEY_UILaunchStoryboardName = LaunchScreen;
				INFOPLIST_KEY_UIMainStoryboardFile = Main;
				INFOPLIST_KEY_UISupportedInterfaceOrientations = UIInterfaceOrientationPortrait;
				INFOPLIST_KEY_UISupportedInterfaceOrientations_iPad = "UIInterfaceOrientationLandscapeLeft UIInterfaceOrientationLandscapeRight UIInterfaceOrientationPortrait UIInterfaceOrientationPortraitUpsideDown";
				IPHONEOS_DEPLOYMENT_TARGET = 13.5;
				LD_RUNPATH_SEARCH_PATHS = (
					"$(inherited)",
					"@executable_path/Frameworks",
				);
				MARKETING_VERSION = 1.0;
				PRODUCT_BUNDLE_IDENTIFIER = "SinanSelek.Flicker-Client-App";
				PRODUCT_NAME = "$(TARGET_NAME)";
				SWIFT_EMIT_LOC_STRINGS = YES;
				SWIFT_VERSION = 5.0;
				TARGETED_DEVICE_FAMILY = "1,2";
			};
			name = Release;
		};
/* End XCBuildConfiguration section */

/* Begin XCConfigurationList section */
		CFA4AE2128FAF29800B52A05 /* Build configuration list for PBXProject "Flicker Client App" */ = {
			isa = XCConfigurationList;
			buildConfigurations = (
				CFA4AE3828FAF29900B52A05 /* Debug */,
				CFA4AE3928FAF29900B52A05 /* Release */,
			);
			defaultConfigurationIsVisible = 0;
			defaultConfigurationName = Release;
		};
		CFA4AE3A28FAF29900B52A05 /* Build configuration list for PBXNativeTarget "Flicker Client App" */ = {
			isa = XCConfigurationList;
			buildConfigurations = (
				CFA4AE3B28FAF29900B52A05 /* Debug */,
				CFA4AE3C28FAF29900B52A05 /* Release */,
			);
			defaultConfigurationIsVisible = 0;
			defaultConfigurationName = Release;
		};
/* End XCConfigurationList section */
	};
	rootObject = CFA4AE1E28FAF29800B52A05 /* Project object */;
}
